
Microsoft Visual Studio Solution File, Format Version 12.00
# Visual Studio Version 16
VisualStudioVersion = 16.0.31515.178
MinimumVisualStudioVersion = 10.0.40219.1
Project("{9A19103F-16F7-4668-BE54-9A1E7A4F7556}") = "FitnessApp.ExercisesApi", "FitnessApp.ExercisesApi\FitnessApp.ExercisesApi.csproj", "{513C77FD-A413-49DD-A01B-E4ADED54A24F}"
EndProject
Global
	GlobalSection(SolutionConfigurationPlatforms) = preSolution
		Debug|Any CPU = Debug|Any CPU
		Release|Any CPU = Release|Any CPU
	EndGlobalSection
	GlobalSection(ProjectConfigurationPlatforms) = postSolution
		{513C77FD-A413-49DD-A01B-E4ADED54A24F}.Debug|Any CPU.ActiveCfg = Debug|Any CPU
		{513C77FD-A413-49DD-A01B-E4ADED54A24F}.Debug|Any CPU.Build.0 = Debug|Any CPU
		{513C77FD-A413-49DD-A01B-E4ADED54A24F}.Release|Any CPU.ActiveCfg = Release|Any CPU
		{513C77FD-A413-49DD-A01B-E4ADED54A24F}.Release|Any CPU.Build.0 = Release|Any CPU
	EndGlobalSection
	GlobalSection(SolutionProperties) = preSolution
		HideSolutionNode = FALSE
	EndGlobalSection
	GlobalSection(ExtensibilityGlobals) = postSolution
		SolutionGuid = {594D452E-EABE-4E30-AD2D-F1F174979BE3}
	EndGlobalSection
EndGlobal
